// !$*UTF8*$!
{
	archiveVersion = 1;
	classes = {
	};
	objectVersion = 50;
	objects = {

/* Begin PBXBuildFile section */
		EDAF10D12413B0DA004CC313 /* AppDelegate.swift in Sources */ = {isa = PBXBuildFile; fileRef = EDAF10D02413B0DA004CC313 /* AppDelegate.swift */; };
		EDAF10D32413B0DA004CC313 /* SceneDelegate.swift in Sources */ = {isa = PBXBuildFile; fileRef = EDAF10D22413B0DA004CC313 /* SceneDelegate.swift */; };
		EDAF10D52413B0DA004CC313 /* ViewController.swift in Sources */ = {isa = PBXBuildFile; fileRef = EDAF10D42413B0DA004CC313 /* ViewController.swift */; };
		EDAF10D82413B0DA004CC313 /* Main.storyboard in Resources */ = {isa = PBXBuildFile; fileRef = EDAF10D62413B0DA004CC313 /* Main.storyboard */; };
		EDAF10DA2413B0DE004CC313 /* Assets.xcassets in Resources */ = {isa = PBXBuildFile; fileRef = EDAF10D92413B0DE004CC313 /* Assets.xcassets */; };
		EDAF10DD2413B0DE004CC313 /* LaunchScreen.storyboard in Resources */ = {isa = PBXBuildFile; fileRef = EDAF10DB2413B0DE004CC313 /* LaunchScreen.storyboard */; };
		EDAF10E52413B1F6004CC313 /* ImagesViewController.swift in Sources */ = {isa = PBXBuildFile; fileRef = EDAF10E42413B1F6004CC313 /* ImagesViewController.swift */; };
		EDAF10E72413B7C3004CC313 /* catImageCell.swift in Sources */ = {isa = PBXBuildFile; fileRef = EDAF10E62413B7C3004CC313 /* catImageCell.swift */; };
		EDAF10E92413B909004CC313 /* NetworkingManager.swift in Sources */ = {isa = PBXBuildFile; fileRef = EDAF10E82413B909004CC313 /* NetworkingManager.swift */; };
		EDAF10ED2413BA91004CC313 /* MainModel.swift in Sources */ = {isa = PBXBuildFile; fileRef = EDAF10EC2413BA91004CC313 /* MainModel.swift */; };
		EDAF10F02413BB5A004CC313 /* CatUrl.swift in Sources */ = {isa = PBXBuildFile; fileRef = EDAF10EF2413BB5A004CC313 /* CatUrl.swift */; };
/* End PBXBuildFile section */

/* Begin PBXFileReference section */
		EDAF10CD2413B0DA004CC313 /* Image downloading.app */ = {isa = PBXFileReference; explicitFileType = wrapper.application; includeInIndex = 0; path = "Image downloading.app"; sourceTree = BUILT_PRODUCTS_DIR; };
		EDAF10D02413B0DA004CC313 /* AppDelegate.swift */ = {isa = PBXFileReference; lastKnownFileType = sourcecode.swift; path = AppDelegate.swift; sourceTree = "<group>"; };
		EDAF10D22413B0DA004CC313 /* SceneDelegate.swift */ = {isa = PBXFileReference; lastKnownFileType = sourcecode.swift; path = SceneDelegate.swift; sourceTree = "<group>"; };
		EDAF10D42413B0DA004CC313 /* ViewController.swift */ = {isa = PBXFileReference; lastKnownFileType = sourcecode.swift; path = ViewController.swift; sourceTree = "<group>"; };
		EDAF10D72413B0DA004CC313 /* Base */ = {isa = PBXFileReference; lastKnownFileType = file.storyboard; name = Base; path = Base.lproj/Main.storyboard; sourceTree = "<group>"; };
		EDAF10D92413B0DE004CC313 /* Assets.xcassets */ = {isa = PBXFileReference; lastKnownFileType = folder.assetcatalog; path = Assets.xcassets; sourceTree = "<group>"; };
		EDAF10DC2413B0DE004CC313 /* Base */ = {isa = PBXFileReference; lastKnownFileType = file.storyboard; name = Base; path = Base.lproj/LaunchScreen.storyboard; sourceTree = "<group>"; };
		EDAF10DE2413B0DE004CC313 /* Info.plist */ = {isa = PBXFileReference; lastKnownFileType = text.plist.xml; path = Info.plist; sourceTree = "<group>"; };
		EDAF10E42413B1F6004CC313 /* ImagesViewController.swift */ = {isa = PBXFileReference; lastKnownFileType = sourcecode.swift; path = ImagesViewController.swift; sourceTree = "<group>"; };
		EDAF10E62413B7C3004CC313 /* catImageCell.swift */ = {isa = PBXFileReference; lastKnownFileType = sourcecode.swift; path = catImageCell.swift; sourceTree = "<group>"; };
		EDAF10E82413B909004CC313 /* NetworkingManager.swift */ = {isa = PBXFileReference; lastKnownFileType = sourcecode.swift; path = NetworkingManager.swift; sourceTree = "<group>"; };
		EDAF10EC2413BA91004CC313 /* MainModel.swift */ = {isa = PBXFileReference; lastKnownFileType = sourcecode.swift; path = MainModel.swift; sourceTree = "<group>"; };
		EDAF10EF2413BB5A004CC313 /* CatUrl.swift */ = {isa = PBXFileReference; lastKnownFileType = sourcecode.swift; path = CatUrl.swift; sourceTree = "<group>"; };
/* End PBXFileReference section */

/* Begin PBXFrameworksBuildPhase section */
		EDAF10CA2413B0DA004CC313 /* Frameworks */ = {
			isa = PBXFrameworksBuildPhase;
			buildActionMask = 2147483647;
			files = (
			);
			runOnlyForDeploymentPostprocessing = 0;
		};
/* End PBXFrameworksBuildPhase section */

/* Begin PBXGroup section */
		EDAF10C42413B0DA004CC313 = {
			isa = PBXGroup;
			children = (
				EDAF10CF2413B0DA004CC313 /* Image downloading */,
				EDAF10CE2413B0DA004CC313 /* Products */,
			);
			sourceTree = "<group>";
		};
		EDAF10CE2413B0DA004CC313 /* Products */ = {
			isa = PBXGroup;
			children = (
				EDAF10CD2413B0DA004CC313 /* Image downloading.app */,
			);
			name = Products;
			sourceTree = "<group>";
		};
		EDAF10CF2413B0DA004CC313 /* Image downloading */ = {
			isa = PBXGroup;
			children = (
				EDAF10EE2413BB3A004CC313 /* Model */,
				EDAF10EB2413BA7E004CC313 /* ViewModel */,
				EDAF10EA2413B960004CC313 /* Controller */,
				EDAF10D02413B0DA004CC313 /* AppDelegate.swift */,
				EDAF10D22413B0DA004CC313 /* SceneDelegate.swift */,
				EDAF10D62413B0DA004CC313 /* Main.storyboard */,
				EDAF10D92413B0DE004CC313 /* Assets.xcassets */,
				EDAF10DB2413B0DE004CC313 /* LaunchScreen.storyboard */,
				EDAF10DE2413B0DE004CC313 /* Info.plist */,
				EDAF10E82413B909004CC313 /* NetworkingManager.swift */,
			);
			path = "Image downloading";
			sourceTree = "<group>";
		};
		EDAF10EA2413B960004CC313 /* Controller */ = {
			isa = PBXGroup;
			children = (
				EDAF10D42413B0DA004CC313 /* ViewController.swift */,
				EDAF10E42413B1F6004CC313 /* ImagesViewController.swift */,
				EDAF10E62413B7C3004CC313 /* catImageCell.swift */,
			);
			path = Controller;
			sourceTree = "<group>";
		};
		EDAF10EB2413BA7E004CC313 /* ViewModel */ = {
			isa = PBXGroup;
			children = (
				EDAF10EC2413BA91004CC313 /* MainModel.swift */,
			);
			path = ViewModel;
			sourceTree = "<group>";
		};
		EDAF10EE2413BB3A004CC313 /* Model */ = {
			isa = PBXGroup;
			children = (
				EDAF10EF2413BB5A004CC313 /* CatUrl.swift */,
			);
			path = Model;
			sourceTree = "<group>";
		};
/* End PBXGroup section */

/* Begin PBXNativeTarget section */
		EDAF10CC2413B0DA004CC313 /* Image downloading */ = {
			isa = PBXNativeTarget;
			buildConfigurationList = EDAF10E12413B0DE004CC313 /* Build configuration list for PBXNativeTarget "Image downloading" */;
			buildPhases = (
				EDAF10C92413B0DA004CC313 /* Sources */,
				EDAF10CA2413B0DA004CC313 /* Frameworks */,
				EDAF10CB2413B0DA004CC313 /* Resources */,
			);
			buildRules = (
			);
			dependencies = (
			);
			name = "Image downloading";
			productName = "Image downloading";
			productReference = EDAF10CD2413B0DA004CC313 /* Image downloading.app */;
			productType = "com.apple.product-type.application";
		};
/* End PBXNativeTarget section */

/* Begin PBXProject section */
		EDAF10C52413B0DA004CC313 /* Project object */ = {
			isa = PBXProject;
			attributes = {
				LastSwiftUpdateCheck = 1130;
				LastUpgradeCheck = 1130;
				ORGANIZATIONNAME = kenny;
				TargetAttributes = {
					EDAF10CC2413B0DA004CC313 = {
						CreatedOnToolsVersion = 11.3.1;
					};
				};
			};
			buildConfigurationList = EDAF10C82413B0DA004CC313 /* Build configuration list for PBXProject "Image downloading" */;
			compatibilityVersion = "Xcode 9.3";
			developmentRegion = en;
			hasScannedForEncodings = 0;
			knownRegions = (
				en,
				Base,
			);
			mainGroup = EDAF10C42413B0DA004CC313;
			productRefGroup = EDAF10CE2413B0DA004CC313 /* Products */;
			projectDirPath = "";
			projectRoot = "";
			targets = (
				EDAF10CC2413B0DA004CC313 /* Image downloading */,
			);
		};
/* End PBXProject section */

/* Begin PBXResourcesBuildPhase section */
		EDAF10CB2413B0DA004CC313 /* Resources */ = {
			isa = PBXResourcesBuildPhase;
			buildActionMask = 2147483647;
			files = (
				EDAF10DD2413B0DE004CC313 /* LaunchScreen.storyboard in Resources */,
				EDAF10DA2413B0DE004CC313 /* Assets.xcassets in Resources */,
				EDAF10D82413B0DA004CC313 /* Main.storyboard in Resources */,
			);
			runOnlyForDeploymentPostprocessing = 0;
		};
/* End PBXResourcesBuildPhase section */

/* Begin PBXSourcesBuildPhase section */
		EDAF10C92413B0DA004CC313 /* Sources */ = {
			isa = PBXSourcesBuildPhase;
			buildActionMask = 2147483647;
			files = (
				EDAF10D52413B0DA004CC313 /* ViewController.swift in Sources */,
				EDAF10D12413B0DA004CC313 /* AppDelegate.swift in Sources */,
				EDAF10F02413BB5A004CC313 /* CatUrl.swift in Sources */,
				EDAF10E72413B7C3004CC313 /* catImageCell.swift in Sources */,
				EDAF10ED2413BA91004CC313 /* MainModel.swift in Sources */,
				EDAF10E92413B909004CC313 /* NetworkingManager.swift in Sources */,
				EDAF10E52413B1F6004CC313 /* ImagesViewController.swift in Sources */,
				EDAF10D32413B0DA004CC313 /* SceneDelegate.swift in Sources */,
			);
			runOnlyForDeploymentPostprocessing = 0;
		};
/* End PBXSourcesBuildPhase section */

/* Begin PBXVariantGroup section */
		EDAF10D62413B0DA004CC313 /* Main.storyboard */ = {
			isa = PBXVariantGroup;
			children = (
				EDAF10D72413B0DA004CC313 /* Base */,
			);
			name = Main.storyboard;
			sourceTree = "<group>";
		};
		EDAF10DB2413B0DE004CC313 /* LaunchScreen.storyboard */ = {
			isa = PBXVariantGroup;
			children = (
				EDAF10DC2413B0DE004CC313 /* Base */,
			);
			name = LaunchScreen.storyboard;
			sourceTree = "<group>";
		};
/* End PBXVariantGroup section */

/* Begin XCBuildConfiguration section */
		EDAF10DF2413B0DE004CC313 /* Debug */ = {
			isa = XCBuildConfiguration;
			buildSettings = {
				ALWAYS_SEARCH_USER_PATHS = NO;
				CLANG_ANALYZER_NONNULL = YES;
				CLANG_ANALYZER_NUMBER_OBJECT_CONVERSION = YES_AGGRESSIVE;
				CLANG_CXX_LANGUAGE_STANDARD = "gnu++14";
				CLANG_CXX_LIBRARY = "libc++";
				CLANG_ENABLE_MODULES = YES;
				CLANG_ENABLE_OBJC_ARC = YES;
				CLANG_ENABLE_OBJC_WEAK = YES;
				CLANG_WARN_BLOCK_CAPTURE_AUTORELEASING = YES;
				CLANG_WARN_BOOL_CONVERSION = YES;
				CLANG_WARN_COMMA = YES;
				CLANG_WARN_CONSTANT_CONVERSION = YES;
				CLANG_WARN_DEPRECATED_OBJC_IMPLEMENTATIONS = YES;
				CLANG_WARN_DIRECT_OBJC_ISA_USAGE = YES_ERROR;
				CLANG_WARN_DOCUMENTATION_COMMENTS = YES;
				CLANG_WARN_EMPTY_BODY = YES;
				CLANG_WARN_ENUM_CONVERSION = YES;
				CLANG_WARN_INFINITE_RECURSION = YES;
				CLANG_WARN_INT_CONVERSION = YES;
				CLANG_WARN_NON_LITERAL_NULL_CONVERSION = YES;
				CLANG_WARN_OBJC_IMPLICIT_RETAIN_SELF = YES;
				CLANG_WARN_OBJC_LITERAL_CONVERSION = YES;
				CLANG_WARN_OBJC_ROOT_CLASS = YES_ERROR;
				CLANG_WARN_RANGE_LOOP_ANALYSIS = YES;
				CLANG_WARN_STRICT_PROTOTYPES = YES;
				CLANG_WARN_SUSPICIOUS_MOVE = YES;
				CLANG_WARN_UNGUARDED_AVAILABILITY = YES_AGGRESSIVE;
				CLANG_WARN_UNREACHABLE_CODE = YES;
				CLANG_WARN__DUPLICATE_METHOD_MATCH = YES;
				COPY_PHASE_STRIP = NO;
				DEBUG_INFORMATION_FORMAT = dwarf;
				ENABLE_STRICT_OBJC_MSGSEND = YES;
				ENABLE_TESTABILITY = YES;
				GCC_C_LANGUAGE_STANDARD = gnu11;
				GCC_DYNAMIC_NO_PIC = NO;
				GCC_NO_COMMON_BLOCKS = YES;
				GCC_OPTIMIZATION_LEVEL = 0;
				GCC_PREPROCESSOR_DEFINITIONS = (
					"DEBUG=1",
					"$(inherited)",
				);
				GCC_WARN_64_TO_32_BIT_CONVERSION = YES;
				GCC_WARN_ABOUT_RETURN_TYPE = YES_ERROR;
				GCC_WARN_UNDECLARED_SELECTOR = YES;
				GCC_WARN_UNINITIALIZED_AUTOS = YES_AGGRESSIVE;
				GCC_WARN_UNUSED_FUNCTION = YES;
				GCC_WARN_UNUSED_VARIABLE = YES;
				IPHONEOS_DEPLOYMENT_TARGET = 13.2;
				MTL_ENABLE_DEBUG_INFO = INCLUDE_SOURCE;
				MTL_FAST_MATH = YES;
				ONLY_ACTIVE_ARCH = YES;
				SDKROOT = iphoneos;
				SWIFT_ACTIVE_COMPILATION_CONDITIONS = DEBUG;
				SWIFT_OPTIMIZATION_LEVEL = "-Onone";
			};
			name = Debug;
		};
		EDAF10E02413B0DE004CC313 /* Release */ = {
			isa = XCBuildConfiguration;
			buildSettings = {
				ALWAYS_SEARCH_USER_PATHS = NO;
				CLANG_ANALYZER_NONNULL = YES;
				CLANG_ANALYZER_NUMBER_OBJECT_CONVERSION = YES_AGGRESSIVE;
				CLANG_CXX_LANGUAGE_STANDARD = "gnu++14";
				CLANG_CXX_LIBRARY = "libc++";
				CLANG_ENABLE_MODULES = YES;
				CLANG_ENABLE_OBJC_ARC = YES;
				CLANG_ENABLE_OBJC_WEAK = YES;
				CLANG_WARN_BLOCK_CAPTURE_AUTORELEASING = YES;
				CLANG_WARN_BOOL_CONVERSION = YES;
				CLANG_WARN_COMMA = YES;
				CLANG_WARN_CONSTANT_CONVERSION = YES;
				CLANG_WARN_DEPRECATED_OBJC_IMPLEMENTATIONS = YES;
				CLANG_WARN_DIRECT_OBJC_ISA_USAGE = YES_ERROR;
				CLANG_WARN_DOCUMENTATION_COMMENTS = YES;
				CLANG_WARN_EMPTY_BODY = YES;
				CLANG_WARN_ENUM_CONVERSION = YES;
				CLANG_WARN_INFINITE_RECURSION = YES;
				CLANG_WARN_INT_CONVERSION = YES;
				CLANG_WARN_NON_LITERAL_NULL_CONVERSION = YES;
				CLANG_WARN_OBJC_IMPLICIT_RETAIN_SELF = YES;
				CLANG_WARN_OBJC_LITERAL_CONVERSION = YES;
				CLANG_WARN_OBJC_ROOT_CLASS = YES_ERROR;
				CLANG_WARN_RANGE_LOOP_ANALYSIS = YES;
				CLANG_WARN_STRICT_PROTOTYPES = YES;
				CLANG_WARN_SUSPICIOUS_MOVE = YES;
				CLANG_WARN_UNGUARDED_AVAILABILITY = YES_AGGRESSIVE;
				CLANG_WARN_UNREACHABLE_CODE = YES;
				CLANG_WARN__DUPLICATE_METHOD_MATCH = YES;
				COPY_PHASE_STRIP = NO;
				DEBUG_INFORMATION_FORMAT = "dwarf-with-dsym";
				ENABLE_NS_ASSERTIONS = NO;
				ENABLE_STRICT_OBJC_MSGSEND = YES;
				GCC_C_LANGUAGE_STANDARD = gnu11;
				GCC_NO_COMMON_BLOCKS = YES;
				GCC_WARN_64_TO_32_BIT_CONVERSION = YES;
				GCC_WARN_ABOUT_RETURN_TYPE = YES_ERROR;
				GCC_WARN_UNDECLARED_SELECTOR = YES;
				GCC_WARN_UNINITIALIZED_AUTOS = YES_AGGRESSIVE;
				GCC_WARN_UNUSED_FUNCTION = YES;
				GCC_WARN_UNUSED_VARIABLE = YES;
				IPHONEOS_DEPLOYMENT_TARGET = 13.2;
				MTL_ENABLE_DEBUG_INFO = NO;
				MTL_FAST_MATH = YES;
				SDKROOT = iphoneos;
				SWIFT_COMPILATION_MODE = wholemodule;
				SWIFT_OPTIMIZATION_LEVEL = "-O";
				VALIDATE_PRODUCT = YES;
			};
			name = Release;
		};
		EDAF10E22413B0DE004CC313 /* Debug */ = {
			isa = XCBuildConfiguration;
			buildSettings = {
				ASSETCATALOG_COMPILER_APPICON_NAME = AppIcon;
				CODE_SIGN_STYLE = Automatic;
				DEVELOPMENT_TEAM = P48CFDDSN2;
				INFOPLIST_FILE = "Image downloading/Info.plist";
				LD_RUNPATH_SEARCH_PATHS = (
					"$(inherited)",
					"@executable_path/Frameworks",
				);
				PRODUCT_BUNDLE_IDENTIFIER = "kenny.Image-downloading";
				PRODUCT_NAME = "$(TARGET_NAME)";
				SWIFT_VERSION = 5.0;
				TARGETED_DEVICE_FAMILY = "1,2";
			};
			name = Debug;
		};
		EDAF10E32413B0DE004CC313 /* Release */ = {
			isa = XCBuildConfiguration;
			buildSettings = {
				ASSETCATALOG_COMPILER_APPICON_NAME = AppIcon;
				CODE_SIGN_STYLE = Automatic;
				DEVELOPMENT_TEAM = P48CFDDSN2;
				INFOPLIST_FILE = "Image downloading/Info.plist";
				LD_RUNPATH_SEARCH_PATHS = (
					"$(inherited)",
					"@executable_path/Frameworks",
				);
				PRODUCT_BUNDLE_IDENTIFIER = "kenny.Image-downloading";
				PRODUCT_NAME = "$(TARGET_NAME)";
				SWIFT_VERSION = 5.0;
				TARGETED_DEVICE_FAMILY = "1,2";
			};
			name = Release;
		};
/* End XCBuildConfiguration section */

/* Begin XCConfigurationList section */
		EDAF10C82413B0DA004CC313 /* Build configuration list for PBXProject "Image downloading" */ = {
			isa = XCConfigurationList;
			buildConfigurations = (
				EDAF10DF2413B0DE004CC313 /* Debug */,
				EDAF10E02413B0DE004CC313 /* Release */,
			);
			defaultConfigurationIsVisible = 0;
			defaultConfigurationName = Release;
		};
		EDAF10E12413B0DE004CC313 /* Build configuration list for PBXNativeTarget "Image downloading" */ = {
			isa = XCConfigurationList;
			buildConfigurations = (
				EDAF10E22413B0DE004CC313 /* Debug */,
				EDAF10E32413B0DE004CC313 /* Release */,
			);
			defaultConfigurationIsVisible = 0;
			defaultConfigurationName = Release;
		};
/* End XCConfigurationList section */
	};
	rootObject = EDAF10C52413B0DA004CC313 /* Project object */;
}
